
Microsoft Visual Studio Solution File, Format Version 12.00
# Visual Studio 15
VisualStudioVersion = 15.0.27703.2035
MinimumVisualStudioVersion = 10.0.40219.1
Project("{FAE04EC0-301F-11D3-BF4B-00C04F79EFBC}") = "ConsoleApp4", "ConsoleApp4\ConsoleApp4.csproj", "{6F57EC4A-59EE-4893-99A2-9CB250B98033}"
EndProject
Global
	GlobalSection(SolutionConfigurationPlatforms) = preSolution
		Debug|Any CPU = Debug|Any CPU
		Release|Any CPU = Release|Any CPU
	EndGlobalSection
	GlobalSection(ProjectConfigurationPlatforms) = postSolution
		{6F57EC4A-59EE-4893-99A2-9CB250B98033}.Debug|Any CPU.ActiveCfg = Debug|Any CPU
		{6F57EC4A-59EE-4893-99A2-9CB250B98033}.Debug|Any CPU.Build.0 = Debug|Any CPU
		{6F57EC4A-59EE-4893-99A2-9CB250B98033}.Release|Any CPU.ActiveCfg = Release|Any CPU
		{6F57EC4A-59EE-4893-99A2-9CB250B98033}.Release|Any CPU.Build.0 = Release|Any CPU
	EndGlobalSection
	GlobalSection(SolutionProperties) = preSolution
		HideSolutionNode = FALSE
	EndGlobalSection
	GlobalSection(ExtensibilityGlobals) = postSolution
		SolutionGuid = {0F950F93-A4BB-4665-801E-A3640F2A31CB}
	EndGlobalSection
EndGlobal
